
Microsoft Visual Studio Solution File, Format Version 12.00
# Visual Studio Version 17
VisualStudioVersion = 17.8.34330.188
MinimumVisualStudioVersion = 10.0.40219.1
Project("{9A19103F-16F7-4668-BE54-9A1E7A4F7556}") = "Stage0", "Stage0\Stage0.csproj", "{8DCB7A69-84C0-41BF-ACEA-5E630A165243}"
EndProject
Project("{9A19103F-16F7-4668-BE54-9A1E7A4F7556}") = "DalFacade", "DalFacade\DalFacade.csproj", "{2EE3EE87-DBE3-4356-8260-4039795E46A7}"
EndProject
Project("{9A19103F-16F7-4668-BE54-9A1E7A4F7556}") = "DalList", "DalList\DalList.csproj", "{B977A2AC-F92B-41A1-9F53-F88278849C82}"
EndProject
Project("{9A19103F-16F7-4668-BE54-9A1E7A4F7556}") = "DalTest", "DalTest\DalTest.csproj", "{D27819EC-5915-4417-A654-CF064BC258D9}"
EndProject
Project("{9A19103F-16F7-4668-BE54-9A1E7A4F7556}") = "DalXml", "DalXml\DalXml.csproj", "{435740BA-25B0-4C4C-8FD4-D6843700D233}"
EndProject
Project("{2150E333-8FDC-42A3-9474-1A3956D46DE8}") = "xml", "xml", "{3AEDE6CA-4738-4AE0-B7A8-ABD6C95189DC}"
	ProjectSection(SolutionItems) = preProject
		xml\data-config.xml = xml\data-config.xml
		xml\dependencys.xml = xml\dependencys.xml
		xml\engineers.xml = xml\engineers.xml
		xml\tasks.xml = xml\tasks.xml
	EndProjectSection
EndProject
Global
	GlobalSection(SolutionConfigurationPlatforms) = preSolution
		Debug|Any CPU = Debug|Any CPU
		Release|Any CPU = Release|Any CPU
	EndGlobalSection
	GlobalSection(ProjectConfigurationPlatforms) = postSolution
		{8DCB7A69-84C0-41BF-ACEA-5E630A165243}.Debug|Any CPU.ActiveCfg = Debug|Any CPU
		{8DCB7A69-84C0-41BF-ACEA-5E630A165243}.Debug|Any CPU.Build.0 = Debug|Any CPU
		{8DCB7A69-84C0-41BF-ACEA-5E630A165243}.Release|Any CPU.ActiveCfg = Release|Any CPU
		{8DCB7A69-84C0-41BF-ACEA-5E630A165243}.Release|Any CPU.Build.0 = Release|Any CPU
		{2EE3EE87-DBE3-4356-8260-4039795E46A7}.Debug|Any CPU.ActiveCfg = Debug|Any CPU
		{2EE3EE87-DBE3-4356-8260-4039795E46A7}.Debug|Any CPU.Build.0 = Debug|Any CPU
		{2EE3EE87-DBE3-4356-8260-4039795E46A7}.Release|Any CPU.ActiveCfg = Release|Any CPU
		{2EE3EE87-DBE3-4356-8260-4039795E46A7}.Release|Any CPU.Build.0 = Release|Any CPU
		{B977A2AC-F92B-41A1-9F53-F88278849C82}.Debug|Any CPU.ActiveCfg = Debug|Any CPU
		{B977A2AC-F92B-41A1-9F53-F88278849C82}.Debug|Any CPU.Build.0 = Debug|Any CPU
		{B977A2AC-F92B-41A1-9F53-F88278849C82}.Release|Any CPU.ActiveCfg = Release|Any CPU
		{B977A2AC-F92B-41A1-9F53-F88278849C82}.Release|Any CPU.Build.0 = Release|Any CPU
		{D27819EC-5915-4417-A654-CF064BC258D9}.Debug|Any CPU.ActiveCfg = Debug|Any CPU
		{D27819EC-5915-4417-A654-CF064BC258D9}.Debug|Any CPU.Build.0 = Debug|Any CPU
		{D27819EC-5915-4417-A654-CF064BC258D9}.Release|Any CPU.ActiveCfg = Release|Any CPU
		{D27819EC-5915-4417-A654-CF064BC258D9}.Release|Any CPU.Build.0 = Release|Any CPU
		{435740BA-25B0-4C4C-8FD4-D6843700D233}.Debug|Any CPU.ActiveCfg = Debug|Any CPU
		{435740BA-25B0-4C4C-8FD4-D6843700D233}.Debug|Any CPU.Build.0 = Debug|Any CPU
		{435740BA-25B0-4C4C-8FD4-D6843700D233}.Release|Any CPU.ActiveCfg = Release|Any CPU
		{435740BA-25B0-4C4C-8FD4-D6843700D233}.Release|Any CPU.Build.0 = Release|Any CPU
	EndGlobalSection
	GlobalSection(SolutionProperties) = preSolution
		HideSolutionNode = FALSE
	EndGlobalSection
	GlobalSection(ExtensibilityGlobals) = postSolution
		SolutionGuid = {0BDD3A4A-A7D3-4556-9618-1A301C9D1A10}
	EndGlobalSection
EndGlobal
